
Microsoft Visual Studio Solution File, Format Version 12.00
# Visual Studio Version 17
VisualStudioVersion = 17.13.35931.197 d17.13
MinimumVisualStudioVersion = 10.0.40219.1
Project("{FAE04EC0-301F-11D3-BF4B-00C04F79EFBC}") = "GMAP_wpf_project", "GMAP_wpf_project\GMAP_wpf_project.csproj", "{CAD8BDE4-6E91-46E1-8DF7-AC154C5CCDCA}"
EndProject
Global
	GlobalSection(SolutionConfigurationPlatforms) = preSolution
		Debug|Any CPU = Debug|Any CPU
		Release|Any CPU = Release|Any CPU
	EndGlobalSection
	GlobalSection(ProjectConfigurationPlatforms) = postSolution
		{CAD8BDE4-6E91-46E1-8DF7-AC154C5CCDCA}.Debug|Any CPU.ActiveCfg = Debug|Any CPU
		{CAD8BDE4-6E91-46E1-8DF7-AC154C5CCDCA}.Debug|Any CPU.Build.0 = Debug|Any CPU
		{CAD8BDE4-6E91-46E1-8DF7-AC154C5CCDCA}.Release|Any CPU.ActiveCfg = Release|Any CPU
		{CAD8BDE4-6E91-46E1-8DF7-AC154C5CCDCA}.Release|Any CPU.Build.0 = Release|Any CPU
	EndGlobalSection
	GlobalSection(SolutionProperties) = preSolution
		HideSolutionNode = FALSE
	EndGlobalSection
	GlobalSection(ExtensibilityGlobals) = postSolution
		SolutionGuid = {8C359728-6A77-4BE4-8762-4912CC3CDDBE}
	EndGlobalSection
EndGlobal
